
Microsoft Visual Studio Solution File, Format Version 12.00
# Visual Studio Version 17
VisualStudioVersion = 17.3.32901.215
MinimumVisualStudioVersion = 10.0.40219.1
Project("{FAE04EC0-301F-11D3-BF4B-00C04F79EFBC}") = "WpfAnswerBert", "WpfAnswerBert\WpfAnswerBert.csproj", "{CE82EDCB-D758-46FC-93B8-A47F63482CD3}"
EndProject
Global
	GlobalSection(SolutionConfigurationPlatforms) = preSolution
		Debug|Any CPU = Debug|Any CPU
		Release|Any CPU = Release|Any CPU
	EndGlobalSection
	GlobalSection(ProjectConfigurationPlatforms) = postSolution
		{CE82EDCB-D758-46FC-93B8-A47F63482CD3}.Debug|Any CPU.ActiveCfg = Debug|Any CPU
		{CE82EDCB-D758-46FC-93B8-A47F63482CD3}.Debug|Any CPU.Build.0 = Debug|Any CPU
		{CE82EDCB-D758-46FC-93B8-A47F63482CD3}.Release|Any CPU.ActiveCfg = Release|Any CPU
		{CE82EDCB-D758-46FC-93B8-A47F63482CD3}.Release|Any CPU.Build.0 = Release|Any CPU
	EndGlobalSection
	GlobalSection(SolutionProperties) = preSolution
		HideSolutionNode = FALSE
	EndGlobalSection
	GlobalSection(ExtensibilityGlobals) = postSolution
		SolutionGuid = {C59273A8-150A-4F1B-B624-FC6C047F4DFE}
	EndGlobalSection
EndGlobal
